
Microsoft Visual Studio Solution File, Format Version 12.00
# Visual Studio Version 17
VisualStudioVersion = 17.10.35122.118
MinimumVisualStudioVersion = 10.0.40219.1
Project("{9A19103F-16F7-4668-BE54-9A1E7A4F7556}") = "Proyecto_01_BD", "Proyecto_01_BD.csproj", "{68C35233-4DAA-4FC8-ADF9-23022722E588}"
EndProject
Global
	GlobalSection(SolutionConfigurationPlatforms) = preSolution
		Debug|Any CPU = Debug|Any CPU
		Release|Any CPU = Release|Any CPU
	EndGlobalSection
	GlobalSection(ProjectConfigurationPlatforms) = postSolution
		{68C35233-4DAA-4FC8-ADF9-23022722E588}.Debug|Any CPU.ActiveCfg = Debug|Any CPU
		{68C35233-4DAA-4FC8-ADF9-23022722E588}.Debug|Any CPU.Build.0 = Debug|Any CPU
		{68C35233-4DAA-4FC8-ADF9-23022722E588}.Release|Any CPU.ActiveCfg = Release|Any CPU
		{68C35233-4DAA-4FC8-ADF9-23022722E588}.Release|Any CPU.Build.0 = Release|Any CPU
	EndGlobalSection
	GlobalSection(SolutionProperties) = preSolution
		HideSolutionNode = FALSE
	EndGlobalSection
	GlobalSection(ExtensibilityGlobals) = postSolution
		SolutionGuid = {76E09C7B-7FF6-4E0F-9A18-0AC59FB1BDF1}
	EndGlobalSection
EndGlobal
